// !$*UTF8*$!
{
	archiveVersion = 1;
	classes = {
	};
	objectVersion = 50;
	objects = {

/* Begin PBXBuildFile section */
		B68F540C211DE21B00999BBA /* AppDelegate.swift in Sources */ = {isa = PBXBuildFile; fileRef = B68F540B211DE21B00999BBA /* AppDelegate.swift */; };
		B68F5411211DE21B00999BBA /* Main.storyboard in Resources */ = {isa = PBXBuildFile; fileRef = B68F540F211DE21B00999BBA /* Main.storyboard */; };
		B68F5413211DE21E00999BBA /* Assets.xcassets in Resources */ = {isa = PBXBuildFile; fileRef = B68F5412211DE21E00999BBA /* Assets.xcassets */; };
		B68F5416211DE21E00999BBA /* LaunchScreen.storyboard in Resources */ = {isa = PBXBuildFile; fileRef = B68F5414211DE21E00999BBA /* LaunchScreen.storyboard */; };
		B68F5429211DE30500999BBA /* Contact.swift in Sources */ = {isa = PBXBuildFile; fileRef = B68F5428211DE30500999BBA /* Contact.swift */; };
		B6C9263D211DE4DD006F3B8F /* ContactController.swift in Sources */ = {isa = PBXBuildFile; fileRef = B6C9263C211DE4DD006F3B8F /* ContactController.swift */; };
		B6C9263F211DE7CC006F3B8F /* ContactsListTableViewController.swift in Sources */ = {isa = PBXBuildFile; fileRef = B6C9263E211DE7CC006F3B8F /* ContactsListTableViewController.swift */; };
		B6C92641211DE7DB006F3B8F /* ContactDetailViewController.swift in Sources */ = {isa = PBXBuildFile; fileRef = B6C92640211DE7DB006F3B8F /* ContactDetailViewController.swift */; };
		B6C92643211DEEB5006F3B8F /* CloudKit.framework in Frameworks */ = {isa = PBXBuildFile; fileRef = B6C92642211DEEB5006F3B8F /* CloudKit.framework */; };
/* End PBXBuildFile section */

/* Begin PBXFileReference section */
		B68F5408211DE21B00999BBA /* Contacts.app */ = {isa = PBXFileReference; explicitFileType = wrapper.application; includeInIndex = 0; path = Contacts.app; sourceTree = BUILT_PRODUCTS_DIR; };
		B68F540B211DE21B00999BBA /* AppDelegate.swift */ = {isa = PBXFileReference; lastKnownFileType = sourcecode.swift; path = AppDelegate.swift; sourceTree = "<group>"; };
		B68F5410211DE21B00999BBA /* Base */ = {isa = PBXFileReference; lastKnownFileType = file.storyboard; name = Base; path = Base.lproj/Main.storyboard; sourceTree = "<group>"; };
		B68F5412211DE21E00999BBA /* Assets.xcassets */ = {isa = PBXFileReference; lastKnownFileType = folder.assetcatalog; path = Assets.xcassets; sourceTree = "<group>"; };
		B68F5415211DE21E00999BBA /* Base */ = {isa = PBXFileReference; lastKnownFileType = file.storyboard; name = Base; path = Base.lproj/LaunchScreen.storyboard; sourceTree = "<group>"; };
		B68F5417211DE21E00999BBA /* Info.plist */ = {isa = PBXFileReference; lastKnownFileType = text.plist.xml; path = Info.plist; sourceTree = "<group>"; };
		B68F541D211DE23300999BBA /* Contacts.entitlements */ = {isa = PBXFileReference; lastKnownFileType = text.plist.entitlements; path = Contacts.entitlements; sourceTree = "<group>"; };
		B68F5428211DE30500999BBA /* Contact.swift */ = {isa = PBXFileReference; lastKnownFileType = sourcecode.swift; path = Contact.swift; sourceTree = "<group>"; };
		B6C9263C211DE4DD006F3B8F /* ContactController.swift */ = {isa = PBXFileReference; lastKnownFileType = sourcecode.swift; path = ContactController.swift; sourceTree = "<group>"; };
		B6C9263E211DE7CC006F3B8F /* ContactsListTableViewController.swift */ = {isa = PBXFileReference; lastKnownFileType = sourcecode.swift; path = ContactsListTableViewController.swift; sourceTree = "<group>"; };
		B6C92640211DE7DB006F3B8F /* ContactDetailViewController.swift */ = {isa = PBXFileReference; lastKnownFileType = sourcecode.swift; path = ContactDetailViewController.swift; sourceTree = "<group>"; };
		B6C92642211DEEB5006F3B8F /* CloudKit.framework */ = {isa = PBXFileReference; lastKnownFileType = wrapper.framework; name = CloudKit.framework; path = System/Library/Frameworks/CloudKit.framework; sourceTree = SDKROOT; };
/* End PBXFileReference section */

/* Begin PBXFrameworksBuildPhase section */
		B68F5405211DE21B00999BBA /* Frameworks */ = {
			isa = PBXFrameworksBuildPhase;
			buildActionMask = 2147483647;
			files = (
				B6C92643211DEEB5006F3B8F /* CloudKit.framework in Frameworks */,
			);
			runOnlyForDeploymentPostprocessing = 0;
		};
/* End PBXFrameworksBuildPhase section */

/* Begin PBXGroup section */
		B68F53FF211DE21A00999BBA = {
			isa = PBXGroup;
			children = (
				B68F540A211DE21B00999BBA /* Contacts */,
				B68F5409211DE21B00999BBA /* Products */,
				B68F541E211DE23600999BBA /* Frameworks */,
			);
			sourceTree = "<group>";
		};
		B68F5409211DE21B00999BBA /* Products */ = {
			isa = PBXGroup;
			children = (
				B68F5408211DE21B00999BBA /* Contacts.app */,
			);
			name = Products;
			sourceTree = "<group>";
		};
		B68F540A211DE21B00999BBA /* Contacts */ = {
			isa = PBXGroup;
			children = (
				B68F5424211DE24100999BBA /* Model */,
				B68F5422211DE23D00999BBA /* Views */,
				B68F5423211DE23F00999BBA /* Controllers */,
				B68F5421211DE23A00999BBA /* Helpers */,
				B68F5427211DE26B00999BBA /* Resources */,
			);
			path = Contacts;
			sourceTree = "<group>";
		};
		B68F541E211DE23600999BBA /* Frameworks */ = {
			isa = PBXGroup;
			children = (
				B6C92642211DEEB5006F3B8F /* CloudKit.framework */,
			);
			name = Frameworks;
			sourceTree = "<group>";
		};
		B68F5421211DE23A00999BBA /* Helpers */ = {
			isa = PBXGroup;
			children = (
			);
			path = Helpers;
			sourceTree = "<group>";
		};
		B68F5422211DE23D00999BBA /* Views */ = {
			isa = PBXGroup;
			children = (
				B68F540F211DE21B00999BBA /* Main.storyboard */,
			);
			path = Views;
			sourceTree = "<group>";
		};
		B68F5423211DE23F00999BBA /* Controllers */ = {
			isa = PBXGroup;
			children = (
				B68F5426211DE24D00999BBA /* ModelControllers */,
				B68F5425211DE24A00999BBA /* ViewControllers */,
			);
			path = Controllers;
			sourceTree = "<group>";
		};
		B68F5424211DE24100999BBA /* Model */ = {
			isa = PBXGroup;
			children = (
				B68F5428211DE30500999BBA /* Contact.swift */,
			);
			path = Model;
			sourceTree = "<group>";
		};
		B68F5425211DE24A00999BBA /* ViewControllers */ = {
			isa = PBXGroup;
			children = (
				B6C9263E211DE7CC006F3B8F /* ContactsListTableViewController.swift */,
				B6C92640211DE7DB006F3B8F /* ContactDetailViewController.swift */,
			);
			path = ViewControllers;
			sourceTree = "<group>";
		};
		B68F5426211DE24D00999BBA /* ModelControllers */ = {
			isa = PBXGroup;
			children = (
				B6C9263C211DE4DD006F3B8F /* ContactController.swift */,
			);
			path = ModelControllers;
			sourceTree = "<group>";
		};
		B68F5427211DE26B00999BBA /* Resources */ = {
			isa = PBXGroup;
			children = (
				B68F541D211DE23300999BBA /* Contacts.entitlements */,
				B68F540B211DE21B00999BBA /* AppDelegate.swift */,
				B68F5412211DE21E00999BBA /* Assets.xcassets */,
				B68F5414211DE21E00999BBA /* LaunchScreen.storyboard */,
				B68F5417211DE21E00999BBA /* Info.plist */,
			);
			path = Resources;
			sourceTree = "<group>";
		};
/* End PBXGroup section */

/* Begin PBXNativeTarget section */
		B68F5407211DE21B00999BBA /* Contacts */ = {
			isa = PBXNativeTarget;
			buildConfigurationList = B68F541A211DE21E00999BBA /* Build configuration list for PBXNativeTarget "Contacts" */;
			buildPhases = (
				B68F5404211DE21B00999BBA /* Sources */,
				B68F5405211DE21B00999BBA /* Frameworks */,
				B68F5406211DE21B00999BBA /* Resources */,
			);
			buildRules = (
			);
			dependencies = (
			);
			name = Contacts;
			productName = Contacts;
			productReference = B68F5408211DE21B00999BBA /* Contacts.app */;
			productType = "com.apple.product-type.application";
		};
/* End PBXNativeTarget section */

/* Begin PBXProject section */
		B68F5400211DE21A00999BBA /* Project object */ = {
			isa = PBXProject;
			attributes = {
				LastSwiftUpdateCheck = 0940;
				LastUpgradeCheck = 0940;
				ORGANIZATIONNAME = "Zachary Frew";
				TargetAttributes = {
					B68F5407211DE21B00999BBA = {
						CreatedOnToolsVersion = 9.4.1;
						SystemCapabilities = {
							com.apple.Push = {
								enabled = 1;
							};
							com.apple.iCloud = {
								enabled = 1;
							};
						};
					};
				};
			};
			buildConfigurationList = B68F5403211DE21A00999BBA /* Build configuration list for PBXProject "Contacts" */;
			compatibilityVersion = "Xcode 9.3";
			developmentRegion = en;
			hasScannedForEncodings = 0;
			knownRegions = (
				en,
				Base,
			);
			mainGroup = B68F53FF211DE21A00999BBA;
			productRefGroup = B68F5409211DE21B00999BBA /* Products */;
			projectDirPath = "";
			projectRoot = "";
			targets = (
				B68F5407211DE21B00999BBA /* Contacts */,
			);
		};
/* End PBXProject section */

/* Begin PBXResourcesBuildPhase section */
		B68F5406211DE21B00999BBA /* Resources */ = {
			isa = PBXResourcesBuildPhase;
			buildActionMask = 2147483647;
			files = (
				B68F5416211DE21E00999BBA /* LaunchScreen.storyboard in Resources */,
				B68F5413211DE21E00999BBA /* Assets.xcassets in Resources */,
				B68F5411211DE21B00999BBA /* Main.storyboard in Resources */,
			);
			runOnlyForDeploymentPostprocessing = 0;
		};
/* End PBXResourcesBuildPhase section */

/* Begin PBXSourcesBuildPhase section */
		B68F5404211DE21B00999BBA /* Sources */ = {
			isa = PBXSourcesBuildPhase;
			buildActionMask = 2147483647;
			files = (
				B68F5429211DE30500999BBA /* Contact.swift in Sources */,
				B6C92641211DE7DB006F3B8F /* ContactDetailViewController.swift in Sources */,
				B68F540C211DE21B00999BBA /* AppDelegate.swift in Sources */,
				B6C9263F211DE7CC006F3B8F /* ContactsListTableViewController.swift in Sources */,
				B6C9263D211DE4DD006F3B8F /* ContactController.swift in Sources */,
			);
			runOnlyForDeploymentPostprocessing = 0;
		};
/* End PBXSourcesBuildPhase section */

/* Begin PBXVariantGroup section */
		B68F540F211DE21B00999BBA /* Main.storyboard */ = {
			isa = PBXVariantGroup;
			children = (
				B68F5410211DE21B00999BBA /* Base */,
			);
			name = Main.storyboard;
			sourceTree = "<group>";
		};
		B68F5414211DE21E00999BBA /* LaunchScreen.storyboard */ = {
			isa = PBXVariantGroup;
			children = (
				B68F5415211DE21E00999BBA /* Base */,
			);
			name = LaunchScreen.storyboard;
			sourceTree = "<group>";
		};
/* End PBXVariantGroup section */

/* Begin XCBuildConfiguration section */
		B68F5418211DE21E00999BBA /* Debug */ = {
			isa = XCBuildConfiguration;
			buildSettings = {
				ALWAYS_SEARCH_USER_PATHS = NO;
				CLANG_ANALYZER_NONNULL = YES;
				CLANG_ANALYZER_NUMBER_OBJECT_CONVERSION = YES_AGGRESSIVE;
				CLANG_CXX_LANGUAGE_STANDARD = "gnu++14";
				CLANG_CXX_LIBRARY = "libc++";
				CLANG_ENABLE_MODULES = YES;
				CLANG_ENABLE_OBJC_ARC = YES;
				CLANG_ENABLE_OBJC_WEAK = YES;
				CLANG_WARN_BLOCK_CAPTURE_AUTORELEASING = YES;
				CLANG_WARN_BOOL_CONVERSION = YES;
				CLANG_WARN_COMMA = YES;
				CLANG_WARN_CONSTANT_CONVERSION = YES;
				CLANG_WARN_DEPRECATED_OBJC_IMPLEMENTATIONS = YES;
				CLANG_WARN_DIRECT_OBJC_ISA_USAGE = YES_ERROR;
				CLANG_WARN_DOCUMENTATION_COMMENTS = YES;
				CLANG_WARN_EMPTY_BODY = YES;
				CLANG_WARN_ENUM_CONVERSION = YES;
				CLANG_WARN_INFINITE_RECURSION = YES;
				CLANG_WARN_INT_CONVERSION = YES;
				CLANG_WARN_NON_LITERAL_NULL_CONVERSION = YES;
				CLANG_WARN_OBJC_IMPLICIT_RETAIN_SELF = YES;
				CLANG_WARN_OBJC_LITERAL_CONVERSION = YES;
				CLANG_WARN_OBJC_ROOT_CLASS = YES_ERROR;
				CLANG_WARN_RANGE_LOOP_ANALYSIS = YES;
				CLANG_WARN_STRICT_PROTOTYPES = YES;
				CLANG_WARN_SUSPICIOUS_MOVE = YES;
				CLANG_WARN_UNGUARDED_AVAILABILITY = YES_AGGRESSIVE;
				CLANG_WARN_UNREACHABLE_CODE = YES;
				CLANG_WARN__DUPLICATE_METHOD_MATCH = YES;
				CODE_SIGN_IDENTITY = "iPhone Developer";
				COPY_PHASE_STRIP = NO;
				DEBUG_INFORMATION_FORMAT = dwarf;
				ENABLE_STRICT_OBJC_MSGSEND = YES;
				ENABLE_TESTABILITY = YES;
				GCC_C_LANGUAGE_STANDARD = gnu11;
				GCC_DYNAMIC_NO_PIC = NO;
				GCC_NO_COMMON_BLOCKS = YES;
				GCC_OPTIMIZATION_LEVEL = 0;
				GCC_PREPROCESSOR_DEFINITIONS = (
					"DEBUG=1",
					"$(inherited)",
				);
				GCC_WARN_64_TO_32_BIT_CONVERSION = YES;
				GCC_WARN_ABOUT_RETURN_TYPE = YES_ERROR;
				GCC_WARN_UNDECLARED_SELECTOR = YES;
				GCC_WARN_UNINITIALIZED_AUTOS = YES_AGGRESSIVE;
				GCC_WARN_UNUSED_FUNCTION = YES;
				GCC_WARN_UNUSED_VARIABLE = YES;
				IPHONEOS_DEPLOYMENT_TARGET = 11.4;
				MTL_ENABLE_DEBUG_INFO = YES;
				ONLY_ACTIVE_ARCH = YES;
				SDKROOT = iphoneos;
				SWIFT_ACTIVE_COMPILATION_CONDITIONS = DEBUG;
				SWIFT_OPTIMIZATION_LEVEL = "-Onone";
			};
			name = Debug;
		};
		B68F5419211DE21E00999BBA /* Release */ = {
			isa = XCBuildConfiguration;
			buildSettings = {
				ALWAYS_SEARCH_USER_PATHS = NO;
				CLANG_ANALYZER_NONNULL = YES;
				CLANG_ANALYZER_NUMBER_OBJECT_CONVERSION = YES_AGGRESSIVE;
				CLANG_CXX_LANGUAGE_STANDARD = "gnu++14";
				CLANG_CXX_LIBRARY = "libc++";
				CLANG_ENABLE_MODULES = YES;
				CLANG_ENABLE_OBJC_ARC = YES;
				CLANG_ENABLE_OBJC_WEAK = YES;
				CLANG_WARN_BLOCK_CAPTURE_AUTORELEASING = YES;
				CLANG_WARN_BOOL_CONVERSION = YES;
				CLANG_WARN_COMMA = YES;
				CLANG_WARN_CONSTANT_CONVERSION = YES;
				CLANG_WARN_DEPRECATED_OBJC_IMPLEMENTATIONS = YES;
				CLANG_WARN_DIRECT_OBJC_ISA_USAGE = YES_ERROR;
				CLANG_WARN_DOCUMENTATION_COMMENTS = YES;
				CLANG_WARN_EMPTY_BODY = YES;
				CLANG_WARN_ENUM_CONVERSION = YES;
				CLANG_WARN_INFINITE_RECURSION = YES;
				CLANG_WARN_INT_CONVERSION = YES;
				CLANG_WARN_NON_LITERAL_NULL_CONVERSION = YES;
				CLANG_WARN_OBJC_IMPLICIT_RETAIN_SELF = YES;
				CLANG_WARN_OBJC_LITERAL_CONVERSION = YES;
				CLANG_WARN_OBJC_ROOT_CLASS = YES_ERROR;
				CLANG_WARN_RANGE_LOOP_ANALYSIS = YES;
				CLANG_WARN_STRICT_PROTOTYPES = YES;
				CLANG_WARN_SUSPICIOUS_MOVE = YES;
				CLANG_WARN_UNGUARDED_AVAILABILITY = YES_AGGRESSIVE;
				CLANG_WARN_UNREACHABLE_CODE = YES;
				CLANG_WARN__DUPLICATE_METHOD_MATCH = YES;
				CODE_SIGN_IDENTITY = "iPhone Developer";
				COPY_PHASE_STRIP = NO;
				DEBUG_INFORMATION_FORMAT = "dwarf-with-dsym";
				ENABLE_NS_ASSERTIONS = NO;
				ENABLE_STRICT_OBJC_MSGSEND = YES;
				GCC_C_LANGUAGE_STANDARD = gnu11;
				GCC_NO_COMMON_BLOCKS = YES;
				GCC_WARN_64_TO_32_BIT_CONVERSION = YES;
				GCC_WARN_ABOUT_RETURN_TYPE = YES_ERROR;
				GCC_WARN_UNDECLARED_SELECTOR = YES;
				GCC_WARN_UNINITIALIZED_AUTOS = YES_AGGRESSIVE;
				GCC_WARN_UNUSED_FUNCTION = YES;
				GCC_WARN_UNUSED_VARIABLE = YES;
				IPHONEOS_DEPLOYMENT_TARGET = 11.4;
				MTL_ENABLE_DEBUG_INFO = NO;
				SDKROOT = iphoneos;
				SWIFT_COMPILATION_MODE = wholemodule;
				SWIFT_OPTIMIZATION_LEVEL = "-O";
				VALIDATE_PRODUCT = YES;
			};
			name = Release;
		};
		B68F541B211DE21E00999BBA /* Debug */ = {
			isa = XCBuildConfiguration;
			buildSettings = {
				ASSETCATALOG_COMPILER_APPICON_NAME = AppIcon;
				CODE_SIGN_ENTITLEMENTS = Contacts/Resources/Contacts.entitlements;
				CODE_SIGN_STYLE = Automatic;
				DEVELOPMENT_TEAM = PKK87S6JNY;
				INFOPLIST_FILE = "$(SRCROOT)/Contacts/Resources/Info.plist";
				LD_RUNPATH_SEARCH_PATHS = (
					"$(inherited)",
					"@executable_path/Frameworks",
				);
				PRODUCT_BUNDLE_IDENTIFIER = com.zachfrew.Contacts;
				PRODUCT_NAME = "$(TARGET_NAME)";
				SWIFT_VERSION = 4.0;
				TARGETED_DEVICE_FAMILY = "1,2";
			};
			name = Debug;
		};
		B68F541C211DE21E00999BBA /* Release */ = {
			isa = XCBuildConfiguration;
			buildSettings = {
				ASSETCATALOG_COMPILER_APPICON_NAME = AppIcon;
				CODE_SIGN_ENTITLEMENTS = Contacts/Resources/Contacts.entitlements;
				CODE_SIGN_STYLE = Automatic;
				DEVELOPMENT_TEAM = PKK87S6JNY;
				INFOPLIST_FILE = "$(SRCROOT)/Contacts/Resources/Info.plist";
				LD_RUNPATH_SEARCH_PATHS = (
					"$(inherited)",
					"@executable_path/Frameworks",
				);
				PRODUCT_BUNDLE_IDENTIFIER = com.zachfrew.Contacts;
				PRODUCT_NAME = "$(TARGET_NAME)";
				SWIFT_VERSION = 4.0;
				TARGETED_DEVICE_FAMILY = "1,2";
			};
			name = Release;
		};
/* End XCBuildConfiguration section */

/* Begin XCConfigurationList section */
		B68F5403211DE21A00999BBA /* Build configuration list for PBXProject "Contacts" */ = {
			isa = XCConfigurationList;
			buildConfigurations = (
				B68F5418211DE21E00999BBA /* Debug */,
				B68F5419211DE21E00999BBA /* Release */,
			);
			defaultConfigurationIsVisible = 0;
			defaultConfigurationName = Release;
		};
		B68F541A211DE21E00999BBA /* Build configuration list for PBXNativeTarget "Contacts" */ = {
			isa = XCConfigurationList;
			buildConfigurations = (
				B68F541B211DE21E00999BBA /* Debug */,
				B68F541C211DE21E00999BBA /* Release */,
			);
			defaultConfigurationIsVisible = 0;
			defaultConfigurationName = Release;
		};
/* End XCConfigurationList section */
	};
	rootObject = B68F5400211DE21A00999BBA /* Project object */;
}
